
Microsoft Visual Studio Solution File, Format Version 12.00
# Visual Studio Version 17
VisualStudioVersion = 17.5.002.0
MinimumVisualStudioVersion = 10.0.40219.1
Project("{9A19103F-16F7-4668-BE54-9A1E7A4F7556}") = "sessao2dia1", "sessao2dia1\sessao2dia1.csproj", "{D6AFD329-871F-4BE2-ACF4-8DE902C1B07A}"
EndProject
Global
	GlobalSection(SolutionConfigurationPlatforms) = preSolution
		Debug|Any CPU = Debug|Any CPU
		Release|Any CPU = Release|Any CPU
	EndGlobalSection
	GlobalSection(ProjectConfigurationPlatforms) = postSolution
		{D6AFD329-871F-4BE2-ACF4-8DE902C1B07A}.Debug|Any CPU.ActiveCfg = Debug|Any CPU
		{D6AFD329-871F-4BE2-ACF4-8DE902C1B07A}.Debug|Any CPU.Build.0 = Debug|Any CPU
		{D6AFD329-871F-4BE2-ACF4-8DE902C1B07A}.Release|Any CPU.ActiveCfg = Release|Any CPU
		{D6AFD329-871F-4BE2-ACF4-8DE902C1B07A}.Release|Any CPU.Build.0 = Release|Any CPU
	EndGlobalSection
	GlobalSection(SolutionProperties) = preSolution
		HideSolutionNode = FALSE
	EndGlobalSection
	GlobalSection(ExtensibilityGlobals) = postSolution
		SolutionGuid = {E29955F8-A513-4B78-8011-CB94CD24C202}
	EndGlobalSection
EndGlobal
